
Microsoft Visual Studio Solution File, Format Version 12.00
# Visual Studio Version 17
VisualStudioVersion = 17.3.32922.545
MinimumVisualStudioVersion = 10.0.40219.1
Project("{9A19103F-16F7-4668-BE54-9A1E7A4F7556}") = "Crud.Net", "Crud.Net\Crud.Net.csproj", "{0C32480C-17B2-46FD-ABDB-CC9B050FF1E3}"
EndProject
Global
	GlobalSection(SolutionConfigurationPlatforms) = preSolution
		Debug|Any CPU = Debug|Any CPU
		Release|Any CPU = Release|Any CPU
	EndGlobalSection
	GlobalSection(ProjectConfigurationPlatforms) = postSolution
		{0C32480C-17B2-46FD-ABDB-CC9B050FF1E3}.Debug|Any CPU.ActiveCfg = Debug|Any CPU
		{0C32480C-17B2-46FD-ABDB-CC9B050FF1E3}.Debug|Any CPU.Build.0 = Debug|Any CPU
		{0C32480C-17B2-46FD-ABDB-CC9B050FF1E3}.Release|Any CPU.ActiveCfg = Release|Any CPU
		{0C32480C-17B2-46FD-ABDB-CC9B050FF1E3}.Release|Any CPU.Build.0 = Release|Any CPU
	EndGlobalSection
	GlobalSection(SolutionProperties) = preSolution
		HideSolutionNode = FALSE
	EndGlobalSection
	GlobalSection(ExtensibilityGlobals) = postSolution
		SolutionGuid = {C0C7EE11-EACE-4824-9491-F3735C23BE01}
	EndGlobalSection
EndGlobal
